
Microsoft Visual Studio Solution File, Format Version 12.00
# Visual Studio Version 17
VisualStudioVersion = 17.3.32901.215
MinimumVisualStudioVersion = 10.0.40219.1
Project("{FAE04EC0-301F-11D3-BF4B-00C04F79EFBC}") = "LabaOOP4", "LabaOOP4\LabaOOP4.csproj", "{AB20668D-1337-43E0-AACC-DA6CD97A45FB}"
EndProject
Global
	GlobalSection(SolutionConfigurationPlatforms) = preSolution
		Debug|Any CPU = Debug|Any CPU
		Release|Any CPU = Release|Any CPU
	EndGlobalSection
	GlobalSection(ProjectConfigurationPlatforms) = postSolution
		{AB20668D-1337-43E0-AACC-DA6CD97A45FB}.Debug|Any CPU.ActiveCfg = Debug|Any CPU
		{AB20668D-1337-43E0-AACC-DA6CD97A45FB}.Debug|Any CPU.Build.0 = Debug|Any CPU
		{AB20668D-1337-43E0-AACC-DA6CD97A45FB}.Release|Any CPU.ActiveCfg = Release|Any CPU
		{AB20668D-1337-43E0-AACC-DA6CD97A45FB}.Release|Any CPU.Build.0 = Release|Any CPU
	EndGlobalSection
	GlobalSection(SolutionProperties) = preSolution
		HideSolutionNode = FALSE
	EndGlobalSection
	GlobalSection(ExtensibilityGlobals) = postSolution
		SolutionGuid = {1EE497A5-A9AF-4601-AA14-94E13A3EAE94}
	EndGlobalSection
EndGlobal
